
Microsoft Visual Studio Solution File, Format Version 12.00
# Visual Studio Version 17
VisualStudioVersion = 17.9.34622.214
MinimumVisualStudioVersion = 10.0.40219.1
Project("{FAE04EC0-301F-11D3-BF4B-00C04F79EFBC}") = "CustomMapLib", "CustomMapLib\CustomMapLib.csproj", "{B08C70E2-32D3-4AEE-929B-0F619A6AE41F}"
EndProject
Global
	GlobalSection(SolutionConfigurationPlatforms) = preSolution
		Debug|Any CPU = Debug|Any CPU
		Release|Any CPU = Release|Any CPU
	EndGlobalSection
	GlobalSection(ProjectConfigurationPlatforms) = postSolution
		{B08C70E2-32D3-4AEE-929B-0F619A6AE41F}.Debug|Any CPU.ActiveCfg = Debug|Any CPU
		{B08C70E2-32D3-4AEE-929B-0F619A6AE41F}.Debug|Any CPU.Build.0 = Debug|Any CPU
		{B08C70E2-32D3-4AEE-929B-0F619A6AE41F}.Release|Any CPU.ActiveCfg = Release|Any CPU
		{B08C70E2-32D3-4AEE-929B-0F619A6AE41F}.Release|Any CPU.Build.0 = Release|Any CPU
	EndGlobalSection
	GlobalSection(SolutionProperties) = preSolution
		HideSolutionNode = FALSE
	EndGlobalSection
	GlobalSection(ExtensibilityGlobals) = postSolution
		SolutionGuid = {EBC5B60E-E89F-4B9F-A7C1-EB8F9409B08C}
	EndGlobalSection
EndGlobal
